
Microsoft Visual Studio Solution File, Format Version 12.00
# Visual Studio Version 16
VisualStudioVersion = 16.0.30413.136
MinimumVisualStudioVersion = 10.0.40219.1
Project("{9A19103F-16F7-4668-BE54-9A1E7A4F7556}") = "Busslinjen", "Busslinjen\Busslinjen.csproj", "{B9454E38-CF6E-4EFF-91EC-00F95751C27D}"
EndProject
Global
	GlobalSection(SolutionConfigurationPlatforms) = preSolution
		Debug|Any CPU = Debug|Any CPU
		Release|Any CPU = Release|Any CPU
	EndGlobalSection
	GlobalSection(ProjectConfigurationPlatforms) = postSolution
		{B9454E38-CF6E-4EFF-91EC-00F95751C27D}.Debug|Any CPU.ActiveCfg = Debug|Any CPU
		{B9454E38-CF6E-4EFF-91EC-00F95751C27D}.Debug|Any CPU.Build.0 = Debug|Any CPU
		{B9454E38-CF6E-4EFF-91EC-00F95751C27D}.Release|Any CPU.ActiveCfg = Release|Any CPU
		{B9454E38-CF6E-4EFF-91EC-00F95751C27D}.Release|Any CPU.Build.0 = Release|Any CPU
	EndGlobalSection
	GlobalSection(SolutionProperties) = preSolution
		HideSolutionNode = FALSE
	EndGlobalSection
	GlobalSection(ExtensibilityGlobals) = postSolution
		SolutionGuid = {1DB21668-901C-467D-8E0B-5D284EDABDFA}
	EndGlobalSection
EndGlobal
